
Microsoft Visual Studio Solution File, Format Version 12.00
# Visual Studio Version 17
VisualStudioVersion = 17.0.32112.339
MinimumVisualStudioVersion = 10.0.40219.1
Project("{9A19103F-16F7-4668-BE54-9A1E7A4F7556}") = "BlazorWorkingScaffold.Server", "BlazorWorkingScaffold\Server\BlazorWorkingScaffold.Server.csproj", "{9BD25A69-DD55-4FB5-9186-3C95BA4C1DA5}"
EndProject
Project("{9A19103F-16F7-4668-BE54-9A1E7A4F7556}") = "BlazorWorkingScaffold.Client", "BlazorWorkingScaffold\Client\BlazorWorkingScaffold.Client.csproj", "{16D24FB9-6221-4CF1-BD9E-60203C751317}"
EndProject
Project("{9A19103F-16F7-4668-BE54-9A1E7A4F7556}") = "BlazorWorkingScaffold.Shared", "BlazorWorkingScaffold\Shared\BlazorWorkingScaffold.Shared.csproj", "{DBE7CED3-E807-4177-A038-C88D8EDAF72E}"
EndProject
Global
	GlobalSection(SolutionConfigurationPlatforms) = preSolution
		Debug|Any CPU = Debug|Any CPU
		Release|Any CPU = Release|Any CPU
	EndGlobalSection
	GlobalSection(ProjectConfigurationPlatforms) = postSolution
		{9BD25A69-DD55-4FB5-9186-3C95BA4C1DA5}.Debug|Any CPU.ActiveCfg = Debug|Any CPU
		{9BD25A69-DD55-4FB5-9186-3C95BA4C1DA5}.Debug|Any CPU.Build.0 = Debug|Any CPU
		{9BD25A69-DD55-4FB5-9186-3C95BA4C1DA5}.Release|Any CPU.ActiveCfg = Release|Any CPU
		{9BD25A69-DD55-4FB5-9186-3C95BA4C1DA5}.Release|Any CPU.Build.0 = Release|Any CPU
		{16D24FB9-6221-4CF1-BD9E-60203C751317}.Debug|Any CPU.ActiveCfg = Debug|Any CPU
		{16D24FB9-6221-4CF1-BD9E-60203C751317}.Debug|Any CPU.Build.0 = Debug|Any CPU
		{16D24FB9-6221-4CF1-BD9E-60203C751317}.Release|Any CPU.ActiveCfg = Release|Any CPU
		{16D24FB9-6221-4CF1-BD9E-60203C751317}.Release|Any CPU.Build.0 = Release|Any CPU
		{DBE7CED3-E807-4177-A038-C88D8EDAF72E}.Debug|Any CPU.ActiveCfg = Debug|Any CPU
		{DBE7CED3-E807-4177-A038-C88D8EDAF72E}.Debug|Any CPU.Build.0 = Debug|Any CPU
		{DBE7CED3-E807-4177-A038-C88D8EDAF72E}.Release|Any CPU.ActiveCfg = Release|Any CPU
		{DBE7CED3-E807-4177-A038-C88D8EDAF72E}.Release|Any CPU.Build.0 = Release|Any CPU
	EndGlobalSection
	GlobalSection(SolutionProperties) = preSolution
		HideSolutionNode = FALSE
	EndGlobalSection
	GlobalSection(ExtensibilityGlobals) = postSolution
		SolutionGuid = {4EF15073-D0EE-4163-961E-91DC0DB18D09}
	EndGlobalSection
EndGlobal
